// !$*UTF8*$!
{
	archiveVersion = 1;
	classes = {
	};
	objectVersion = 48;
	objects = {

/* Begin PBXBuildFile section */
		1758B358147549100D7737C7 /* libPods-SVGManager.a in Frameworks */ = {isa = PBXBuildFile; fileRef = CD8BB7128F84EF7661DB4C93 /* libPods-SVGManager.a */; };
		36ADA24620AD1F37005E5F6E /* AppDelegate.m in Sources */ = {isa = PBXBuildFile; fileRef = 36ADA24520AD1F37005E5F6E /* AppDelegate.m */; };
		36ADA24920AD1F37005E5F6E /* ViewController.m in Sources */ = {isa = PBXBuildFile; fileRef = 36ADA24820AD1F37005E5F6E /* ViewController.m */; };
		36ADA24E20AD1F39005E5F6E /* Assets.xcassets in Resources */ = {isa = PBXBuildFile; fileRef = 36ADA24D20AD1F39005E5F6E /* Assets.xcassets */; };
		36ADA25120AD1F39005E5F6E /* LaunchScreen.storyboard in Resources */ = {isa = PBXBuildFile; fileRef = 36ADA24F20AD1F39005E5F6E /* LaunchScreen.storyboard */; };
		36ADA25420AD1F39005E5F6E /* main.m in Sources */ = {isa = PBXBuildFile; fileRef = 36ADA25320AD1F39005E5F6E /* main.m */; };
		36ADA26520AD38F3005E5F6E /* HomeNavigatiaonTitleView.m in Sources */ = {isa = PBXBuildFile; fileRef = 36ADA26120AD38F3005E5F6E /* HomeNavigatiaonTitleView.m */; };
		36ADA26620AD38F3005E5F6E /* HomeNavigationTitileViewButton.m in Sources */ = {isa = PBXBuildFile; fileRef = 36ADA26220AD38F3005E5F6E /* HomeNavigationTitileViewButton.m */; };
		36ADA26820AD4CE5005E5F6E /* Podfile in Resources */ = {isa = PBXBuildFile; fileRef = 36ADA26720AD4CE5005E5F6E /* Podfile */; };
		36ADA27B20AD7911005E5F6E /* FileManager.m in Sources */ = {isa = PBXBuildFile; fileRef = 36ADA27A20AD7911005E5F6E /* FileManager.m */; };
		36ADA27E20AD7C41005E5F6E /* ITXPageViewController.m in Sources */ = {isa = PBXBuildFile; fileRef = 36ADA27D20AD7C41005E5F6E /* ITXPageViewController.m */; };
		36ADA28120AD7C62005E5F6E /* OneViewController.m in Sources */ = {isa = PBXBuildFile; fileRef = 36ADA28020AD7C62005E5F6E /* OneViewController.m */; };
		36ADA28420AD7C6E005E5F6E /* TwoViewController.m in Sources */ = {isa = PBXBuildFile; fileRef = 36ADA28320AD7C6E005E5F6E /* TwoViewController.m */; };
		36ADA28720AD7C79005E5F6E /* ThreeViewController.m in Sources */ = {isa = PBXBuildFile; fileRef = 36ADA28620AD7C79005E5F6E /* ThreeViewController.m */; };
		36ADA2A020AEA830005E5F6E /* TextJokesCell.m in Sources */ = {isa = PBXBuildFile; fileRef = 36ADA29F20AEA830005E5F6E /* TextJokesCell.m */; };
		36ADA2A320AEA85A005E5F6E /* JokesModel.m in Sources */ = {isa = PBXBuildFile; fileRef = 36ADA2A220AEA85A005E5F6E /* JokesModel.m */; };
		36ADA2C020AEAA22005E5F6E /* NSData+LK.m in Sources */ = {isa = PBXBuildFile; fileRef = 36ADA2A720AEAA22005E5F6E /* NSData+LK.m */; };
		36ADA2C120AEAA22005E5F6E /* NSFileManager+LK.m in Sources */ = {isa = PBXBuildFile; fileRef = 36ADA2A920AEAA22005E5F6E /* NSFileManager+LK.m */; };
		36ADA2C220AEAA22005E5F6E /* NSObject+LK.m in Sources */ = {isa = PBXBuildFile; fileRef = 36ADA2AB20AEAA22005E5F6E /* NSObject+LK.m */; };
		36ADA2C320AEAA22005E5F6E /* NSString+LK.m in Sources */ = {isa = PBXBuildFile; fileRef = 36ADA2AD20AEAA22005E5F6E /* NSString+LK.m */; };
		36ADA2C420AEAA22005E5F6E /* NSURL+LK.m in Sources */ = {isa = PBXBuildFile; fileRef = 36ADA2AF20AEAA22005E5F6E /* NSURL+LK.m */; };
		36ADA2C520AEAA22005E5F6E /* UIButton+LK.m in Sources */ = {isa = PBXBuildFile; fileRef = 36ADA2B120AEAA22005E5F6E /* UIButton+LK.m */; };
		36ADA2C620AEAA22005E5F6E /* UIColor+LK.m in Sources */ = {isa = PBXBuildFile; fileRef = 36ADA2B320AEAA22005E5F6E /* UIColor+LK.m */; };
		36ADA2C720AEAA22005E5F6E /* UIImage+LK.m in Sources */ = {isa = PBXBuildFile; fileRef = 36ADA2B520AEAA22005E5F6E /* UIImage+LK.m */; };
		36ADA2C820AEAA22005E5F6E /* UIImageView+LK.m in Sources */ = {isa = PBXBuildFile; fileRef = 36ADA2B720AEAA22005E5F6E /* UIImageView+LK.m */; };
		36ADA2C920AEAA22005E5F6E /* UIView+LK.m in Sources */ = {isa = PBXBuildFile; fileRef = 36ADA2B920AEAA22005E5F6E /* UIView+LK.m */; };
		36ADA2CA20AEAA22005E5F6E /* UIView+Toast_LK.m in Sources */ = {isa = PBXBuildFile; fileRef = 36ADA2BB20AEAA22005E5F6E /* UIView+Toast_LK.m */; };
		36ADA2CB20AEAA22005E5F6E /* UIViewController+LK.m in Sources */ = {isa = PBXBuildFile; fileRef = 36ADA2BD20AEAA22005E5F6E /* UIViewController+LK.m */; };
		36ADA2CC20AEAA22005E5F6E /* UIWindow+LK.m in Sources */ = {isa = PBXBuildFile; fileRef = 36ADA2BF20AEAA22005E5F6E /* UIWindow+LK.m */; };
		36ADA2D720AEAAA6005E5F6E /* LKThemeInfo.json in Resources */ = {isa = PBXBuildFile; fileRef = 36ADA2CE20AEAAA6005E5F6E /* LKThemeInfo.json */; };
		36ADA2D820AEAAA6005E5F6E /* LKThemeManager.m in Sources */ = {isa = PBXBuildFile; fileRef = 36ADA2D020AEAAA6005E5F6E /* LKThemeManager.m */; };
		36ADA2D920AEAAA6005E5F6E /* NSObject+LKTheme.m in Sources */ = {isa = PBXBuildFile; fileRef = 36ADA2D220AEAAA6005E5F6E /* NSObject+LKTheme.m */; };
		36ADA2DA20AEAAA6005E5F6E /* UIImage+LKTheme.m in Sources */ = {isa = PBXBuildFile; fileRef = 36ADA2D420AEAAA6005E5F6E /* UIImage+LKTheme.m */; };
		36ADA2DB20AEAAA6005E5F6E /* UIView+LKTheme.m in Sources */ = {isa = PBXBuildFile; fileRef = 36ADA2D620AEAAA6005E5F6E /* UIView+LKTheme.m */; };
		36ADA2E720AEAAC0005E5F6E /* LKSafeCategory.m in Sources */ = {isa = PBXBuildFile; fileRef = 36ADA2DE20AEAAC0005E5F6E /* LKSafeCategory.m */; };
		36ADA2E820AEAAC0005E5F6E /* LKWeakArray.m in Sources */ = {isa = PBXBuildFile; fileRef = 36ADA2E020AEAAC0005E5F6E /* LKWeakArray.m */; };
		36ADA2E920AEAAC0005E5F6E /* OpenUDID.m in Sources */ = {isa = PBXBuildFile; fileRef = 36ADA2E220AEAAC0005E5F6E /* OpenUDID.m */; settings = {COMPILER_FLAGS = "-fno-objc-arc"; }; };
		36ADA2EA20AEAAC0005E5F6E /* UIDevice-Hardware.m in Sources */ = {isa = PBXBuildFile; fileRef = 36ADA2E420AEAAC0005E5F6E /* UIDevice-Hardware.m */; };
		36ADA2EB20AEAAC0005E5F6E /* YYJSONHelper.m in Sources */ = {isa = PBXBuildFile; fileRef = 36ADA2E620AEAAC0005E5F6E /* YYJSONHelper.m */; };
		36ADA2F020AEAB8F005E5F6E /* NSString+DQ.m in Sources */ = {isa = PBXBuildFile; fileRef = 36ADA2EF20AEAB8F005E5F6E /* NSString+DQ.m */; };
		36C4987A20AEACCE002AA358 /* LKBaseNavigationController.m in Sources */ = {isa = PBXBuildFile; fileRef = 36C4987820AEACCE002AA358 /* LKBaseNavigationController.m */; };
		36C4988820AEC219002AA358 /* UIImageView+LBBlurredImage.m in Sources */ = {isa = PBXBuildFile; fileRef = 36C4988720AEC219002AA358 /* UIImageView+LBBlurredImage.m */; };
		36C4988B20AEC237002AA358 /* example.png in Resources */ = {isa = PBXBuildFile; fileRef = 36C4988A20AEC237002AA358 /* example.png */; };
		36C498A820AEEC05002AA358 /* UITableViewCell+BMReusable.m in Sources */ = {isa = PBXBuildFile; fileRef = 36C498A720AEEC05002AA358 /* UITableViewCell+BMReusable.m */; };
		DBCFFFC020B017D200CF52EA /* ImageJokesViewController.m in Sources */ = {isa = PBXBuildFile; fileRef = DBCFFFBF20B017D200CF52EA /* ImageJokesViewController.m */; };
		DBCFFFCA20B01E5E00CF52EA /* ImageJokesCell.m in Sources */ = {isa = PBXBuildFile; fileRef = DBCFFFC820B01E5E00CF52EA /* ImageJokesCell.m */; };
/* End PBXBuildFile section */

/* Begin PBXFileReference section */
		36ADA24120AD1F37005E5F6E /* SVGManager.app */ = {isa = PBXFileReference; explicitFileType = wrapper.application; includeInIndex = 0; path = SVGManager.app; sourceTree = BUILT_PRODUCTS_DIR; };
		36ADA24420AD1F37005E5F6E /* AppDelegate.h */ = {isa = PBXFileReference; lastKnownFileType = sourcecode.c.h; path = AppDelegate.h; sourceTree = "<group>"; };
		36ADA24520AD1F37005E5F6E /* AppDelegate.m */ = {isa = PBXFileReference; lastKnownFileType = sourcecode.c.objc; path = AppDelegate.m; sourceTree = "<group>"; };
		36ADA24720AD1F37005E5F6E /* ViewController.h */ = {isa = PBXFileReference; lastKnownFileType = sourcecode.c.h; path = ViewController.h; sourceTree = "<group>"; };
		36ADA24820AD1F37005E5F6E /* ViewController.m */ = {isa = PBXFileReference; lastKnownFileType = sourcecode.c.objc; path = ViewController.m; sourceTree = "<group>"; };
		36ADA24D20AD1F39005E5F6E /* Assets.xcassets */ = {isa = PBXFileReference; lastKnownFileType = folder.assetcatalog; path = Assets.xcassets; sourceTree = "<group>"; };
		36ADA25020AD1F39005E5F6E /* Base */ = {isa = PBXFileReference; lastKnownFileType = file.storyboard; name = Base; path = Base.lproj/LaunchScreen.storyboard; sourceTree = "<group>"; };
		36ADA25220AD1F39005E5F6E /* Info.plist */ = {isa = PBXFileReference; lastKnownFileType = text.plist.xml; path = Info.plist; sourceTree = "<group>"; };
		36ADA25320AD1F39005E5F6E /* main.m */ = {isa = PBXFileReference; lastKnownFileType = sourcecode.c.objc; path = main.m; sourceTree = "<group>"; };
		36ADA26120AD38F3005E5F6E /* HomeNavigatiaonTitleView.m */ = {isa = PBXFileReference; fileEncoding = 4; lastKnownFileType = sourcecode.c.objc; path = HomeNavigatiaonTitleView.m; sourceTree = "<group>"; };
		36ADA26220AD38F3005E5F6E /* HomeNavigationTitileViewButton.m */ = {isa = PBXFileReference; fileEncoding = 4; lastKnownFileType = sourcecode.c.objc; path = HomeNavigationTitileViewButton.m; sourceTree = "<group>"; };
		36ADA26320AD38F3005E5F6E /* HomeNavigatiaonTitleView.h */ = {isa = PBXFileReference; fileEncoding = 4; lastKnownFileType = sourcecode.c.h; path = HomeNavigatiaonTitleView.h; sourceTree = "<group>"; };
		36ADA26420AD38F3005E5F6E /* HomeNavigationTitileViewButton.h */ = {isa = PBXFileReference; fileEncoding = 4; lastKnownFileType = sourcecode.c.h; path = HomeNavigationTitileViewButton.h; sourceTree = "<group>"; };
		36ADA26720AD4CE5005E5F6E /* Podfile */ = {isa = PBXFileReference; fileEncoding = 4; lastKnownFileType = text; path = Podfile; sourceTree = "<group>"; xcLanguageSpecificationIdentifier = xcode.lang.ruby; };
		36ADA26B20AD733E005E5F6E /* PrefixHeader.pch */ = {isa = PBXFileReference; lastKnownFileType = sourcecode.c.h; path = PrefixHeader.pch; sourceTree = "<group>"; };
		36ADA27920AD7911005E5F6E /* FileManager.h */ = {isa = PBXFileReference; fileEncoding = 4; lastKnownFileType = sourcecode.c.h; path = FileManager.h; sourceTree = "<group>"; };
		36ADA27A20AD7911005E5F6E /* FileManager.m */ = {isa = PBXFileReference; fileEncoding = 4; lastKnownFileType = sourcecode.c.objc; path = FileManager.m; sourceTree = "<group>"; };
		36ADA27C20AD7C41005E5F6E /* ITXPageViewController.h */ = {isa = PBXFileReference; lastKnownFileType = sourcecode.c.h; path = ITXPageViewController.h; sourceTree = "<group>"; };
		36ADA27D20AD7C41005E5F6E /* ITXPageViewController.m */ = {isa = PBXFileReference; lastKnownFileType = sourcecode.c.objc; path = ITXPageViewController.m; sourceTree = "<group>"; };
		36ADA27F20AD7C62005E5F6E /* OneViewController.h */ = {isa = PBXFileReference; lastKnownFileType = sourcecode.c.h; path = OneViewController.h; sourceTree = "<group>"; };
		36ADA28020AD7C62005E5F6E /* OneViewController.m */ = {isa = PBXFileReference; lastKnownFileType = sourcecode.c.objc; path = OneViewController.m; sourceTree = "<group>"; };
		36ADA28220AD7C6E005E5F6E /* TwoViewController.h */ = {isa = PBXFileReference; lastKnownFileType = sourcecode.c.h; path = TwoViewController.h; sourceTree = "<group>"; };
		36ADA28320AD7C6E005E5F6E /* TwoViewController.m */ = {isa = PBXFileReference; lastKnownFileType = sourcecode.c.objc; path = TwoViewController.m; sourceTree = "<group>"; };
		36ADA28520AD7C79005E5F6E /* ThreeViewController.h */ = {isa = PBXFileReference; lastKnownFileType = sourcecode.c.h; path = ThreeViewController.h; sourceTree = "<group>"; };
		36ADA28620AD7C79005E5F6E /* ThreeViewController.m */ = {isa = PBXFileReference; lastKnownFileType = sourcecode.c.objc; path = ThreeViewController.m; sourceTree = "<group>"; };
		36ADA29E20AEA830005E5F6E /* TextJokesCell.h */ = {isa = PBXFileReference; fileEncoding = 4; lastKnownFileType = sourcecode.c.h; path = TextJokesCell.h; sourceTree = "<group>"; };
		36ADA29F20AEA830005E5F6E /* TextJokesCell.m */ = {isa = PBXFileReference; fileEncoding = 4; lastKnownFileType = sourcecode.c.objc; path = TextJokesCell.m; sourceTree = "<group>"; };
		36ADA2A120AEA85A005E5F6E /* JokesModel.h */ = {isa = PBXFileReference; fileEncoding = 4; lastKnownFileType = sourcecode.c.h; path = JokesModel.h; sourceTree = "<group>"; };
		36ADA2A220AEA85A005E5F6E /* JokesModel.m */ = {isa = PBXFileReference; fileEncoding = 4; lastKnownFileType = sourcecode.c.objc; path = JokesModel.m; sourceTree = "<group>"; };
		36ADA2A520AEAA22005E5F6E /* LKTools.h */ = {isa = PBXFileReference; fileEncoding = 4; lastKnownFileType = sourcecode.c.h; path = LKTools.h; sourceTree = "<group>"; };
		36ADA2A620AEAA22005E5F6E /* NSData+LK.h */ = {isa = PBXFileReference; fileEncoding = 4; lastKnownFileType = sourcecode.c.h; path = "NSData+LK.h"; sourceTree = "<group>"; };
		36ADA2A720AEAA22005E5F6E /* NSData+LK.m */ = {isa = PBXFileReference; fileEncoding = 4; lastKnownFileType = sourcecode.c.objc; path = "NSData+LK.m"; sourceTree = "<group>"; };
		36ADA2A820AEAA22005E5F6E /* NSFileManager+LK.h */ = {isa = PBXFileReference; fileEncoding = 4; lastKnownFileType = sourcecode.c.h; path = "NSFileManager+LK.h"; sourceTree = "<group>"; };
		36ADA2A920AEAA22005E5F6E /* NSFileManager+LK.m */ = {isa = PBXFileReference; fileEncoding = 4; lastKnownFileType = sourcecode.c.objc; path = "NSFileManager+LK.m"; sourceTree = "<group>"; };
		36ADA2AA20AEAA22005E5F6E /* NSObject+LK.h */ = {isa = PBXFileReference; fileEncoding = 4; lastKnownFileType = sourcecode.c.h; path = "NSObject+LK.h"; sourceTree = "<group>"; };
		36ADA2AB20AEAA22005E5F6E /* NSObject+LK.m */ = {isa = PBXFileReference; fileEncoding = 4; lastKnownFileType = sourcecode.c.objc; path = "NSObject+LK.m"; sourceTree = "<group>"; };
		36ADA2AC20AEAA22005E5F6E /* NSString+LK.h */ = {isa = PBXFileReference; fileEncoding = 4; lastKnownFileType = sourcecode.c.h; path = "NSString+LK.h"; sourceTree = "<group>"; };
		36ADA2AD20AEAA22005E5F6E /* NSString+LK.m */ = {isa = PBXFileReference; fileEncoding = 4; lastKnownFileType = sourcecode.c.objc; path = "NSString+LK.m"; sourceTree = "<group>"; };
		36ADA2AE20AEAA22005E5F6E /* NSURL+LK.h */ = {isa = PBXFileReference; fileEncoding = 4; lastKnownFileType = sourcecode.c.h; path = "NSURL+LK.h"; sourceTree = "<group>"; };
		36ADA2AF20AEAA22005E5F6E /* NSURL+LK.m */ = {isa = PBXFileReference; fileEncoding = 4; lastKnownFileType = sourcecode.c.objc; path = "NSURL+LK.m"; sourceTree = "<group>"; };
		36ADA2B020AEAA22005E5F6E /* UIButton+LK.h */ = {isa = PBXFileReference; fileEncoding = 4; lastKnownFileType = sourcecode.c.h; path = "UIButton+LK.h"; sourceTree = "<group>"; };
		36ADA2B120AEAA22005E5F6E /* UIButton+LK.m */ = {isa = PBXFileReference; fileEncoding = 4; lastKnownFileType = sourcecode.c.objc; path = "UIButton+LK.m"; sourceTree = "<group>"; };
		36ADA2B220AEAA22005E5F6E /* UIColor+LK.h */ = {isa = PBXFileReference; fileEncoding = 4; lastKnownFileType = sourcecode.c.h; path = "UIColor+LK.h"; sourceTree = "<group>"; };
		36ADA2B320AEAA22005E5F6E /* UIColor+LK.m */ = {isa = PBXFileReference; fileEncoding = 4; lastKnownFileType = sourcecode.c.objc; path = "UIColor+LK.m"; sourceTree = "<group>"; };
		36ADA2B420AEAA22005E5F6E /* UIImage+LK.h */ = {isa = PBXFileReference; fileEncoding = 4; lastKnownFileType = sourcecode.c.h; path = "UIImage+LK.h"; sourceTree = "<group>"; };
		36ADA2B520AEAA22005E5F6E /* UIImage+LK.m */ = {isa = PBXFileReference; fileEncoding = 4; lastKnownFileType = sourcecode.c.objc; path = "UIImage+LK.m"; sourceTree = "<group>"; };
		36ADA2B620AEAA22005E5F6E /* UIImageView+LK.h */ = {isa = PBXFileReference; fileEncoding = 4; lastKnownFileType = sourcecode.c.h; path = "UIImageView+LK.h"; sourceTree = "<group>"; };
		36ADA2B720AEAA22005E5F6E /* UIImageView+LK.m */ = {isa = PBXFileReference; fileEncoding = 4; lastKnownFileType = sourcecode.c.objc; path = "UIImageView+LK.m"; sourceTree = "<group>"; };
		36ADA2B820AEAA22005E5F6E /* UIView+LK.h */ = {isa = PBXFileReference; fileEncoding = 4; lastKnownFileType = sourcecode.c.h; path = "UIView+LK.h"; sourceTree = "<group>"; };
		36ADA2B920AEAA22005E5F6E /* UIView+LK.m */ = {isa = PBXFileReference; fileEncoding = 4; lastKnownFileType = sourcecode.c.objc; path = "UIView+LK.m"; sourceTree = "<group>"; };
		36ADA2BA20AEAA22005E5F6E /* UIView+Toast_LK.h */ = {isa = PBXFileReference; fileEncoding = 4; lastKnownFileType = sourcecode.c.h; path = "UIView+Toast_LK.h"; sourceTree = "<group>"; };
		36ADA2BB20AEAA22005E5F6E /* UIView+Toast_LK.m */ = {isa = PBXFileReference; fileEncoding = 4; lastKnownFileType = sourcecode.c.objc; path = "UIView+Toast_LK.m"; sourceTree = "<group>"; };
		36ADA2BC20AEAA22005E5F6E /* UIViewController+LK.h */ = {isa = PBXFileReference; fileEncoding = 4; lastKnownFileType = sourcecode.c.h; path = "UIViewController+LK.h"; sourceTree = "<group>"; };
		36ADA2BD20AEAA22005E5F6E /* UIViewController+LK.m */ = {isa = PBXFileReference; fileEncoding = 4; lastKnownFileType = sourcecode.c.objc; path = "UIViewController+LK.m"; sourceTree = "<group>"; };
		36ADA2BE20AEAA22005E5F6E /* UIWindow+LK.h */ = {isa = PBXFileReference; fileEncoding = 4; lastKnownFileType = sourcecode.c.h; path = "UIWindow+LK.h"; sourceTree = "<group>"; };
		36ADA2BF20AEAA22005E5F6E /* UIWindow+LK.m */ = {isa = PBXFileReference; fileEncoding = 4; lastKnownFileType = sourcecode.c.objc; path = "UIWindow+LK.m"; sourceTree = "<group>"; };
		36ADA2CE20AEAAA6005E5F6E /* LKThemeInfo.json */ = {isa = PBXFileReference; fileEncoding = 4; lastKnownFileType = text.json; path = LKThemeInfo.json; sourceTree = "<group>"; };
		36ADA2CF20AEAAA6005E5F6E /* LKThemeManager.h */ = {isa = PBXFileReference; fileEncoding = 4; lastKnownFileType = sourcecode.c.h; path = LKThemeManager.h; sourceTree = "<group>"; };
		36ADA2D020AEAAA6005E5F6E /* LKThemeManager.m */ = {isa = PBXFileReference; fileEncoding = 4; lastKnownFileType = sourcecode.c.objc; path = LKThemeManager.m; sourceTree = "<group>"; };
		36ADA2D120AEAAA6005E5F6E /* NSObject+LKTheme.h */ = {isa = PBXFileReference; fileEncoding = 4; lastKnownFileType = sourcecode.c.h; path = "NSObject+LKTheme.h"; sourceTree = "<group>"; };
		36ADA2D220AEAAA6005E5F6E /* NSObject+LKTheme.m */ = {isa = PBXFileReference; fileEncoding = 4; lastKnownFileType = sourcecode.c.objc; path = "NSObject+LKTheme.m"; sourceTree = "<group>"; };
		36ADA2D320AEAAA6005E5F6E /* UIImage+LKTheme.h */ = {isa = PBXFileReference; fileEncoding = 4; lastKnownFileType = sourcecode.c.h; path = "UIImage+LKTheme.h"; sourceTree = "<group>"; };
		36ADA2D420AEAAA6005E5F6E /* UIImage+LKTheme.m */ = {isa = PBXFileReference; fileEncoding = 4; lastKnownFileType = sourcecode.c.objc; path = "UIImage+LKTheme.m"; sourceTree = "<group>"; };
		36ADA2D520AEAAA6005E5F6E /* UIView+LKTheme.h */ = {isa = PBXFileReference; fileEncoding = 4; lastKnownFileType = sourcecode.c.h; path = "UIView+LKTheme.h"; sourceTree = "<group>"; };
		36ADA2D620AEAAA6005E5F6E /* UIView+LKTheme.m */ = {isa = PBXFileReference; fileEncoding = 4; lastKnownFileType = sourcecode.c.objc; path = "UIView+LKTheme.m"; sourceTree = "<group>"; };
		36ADA2DD20AEAAC0005E5F6E /* LKSafeCategory.h */ = {isa = PBXFileReference; fileEncoding = 4; lastKnownFileType = sourcecode.c.h; path = LKSafeCategory.h; sourceTree = "<group>"; };
		36ADA2DE20AEAAC0005E5F6E /* LKSafeCategory.m */ = {isa = PBXFileReference; fileEncoding = 4; lastKnownFileType = sourcecode.c.objc; path = LKSafeCategory.m; sourceTree = "<group>"; };
		36ADA2DF20AEAAC0005E5F6E /* LKWeakArray.h */ = {isa = PBXFileReference; fileEncoding = 4; lastKnownFileType = sourcecode.c.h; path = LKWeakArray.h; sourceTree = "<group>"; };
		36ADA2E020AEAAC0005E5F6E /* LKWeakArray.m */ = {isa = PBXFileReference; fileEncoding = 4; lastKnownFileType = sourcecode.c.objc; path = LKWeakArray.m; sourceTree = "<group>"; };
		36ADA2E120AEAAC0005E5F6E /* OpenUDID.h */ = {isa = PBXFileReference; fileEncoding = 4; lastKnownFileType = sourcecode.c.h; path = OpenUDID.h; sourceTree = "<group>"; };
		36ADA2E220AEAAC0005E5F6E /* OpenUDID.m */ = {isa = PBXFileReference; fileEncoding = 4; lastKnownFileType = sourcecode.c.objc; path = OpenUDID.m; sourceTree = "<group>"; };
		36ADA2E320AEAAC0005E5F6E /* UIDevice-Hardware.h */ = {isa = PBXFileReference; fileEncoding = 4; lastKnownFileType = sourcecode.c.h; path = "UIDevice-Hardware.h"; sourceTree = "<group>"; };
		36ADA2E420AEAAC0005E5F6E /* UIDevice-Hardware.m */ = {isa = PBXFileReference; fileEncoding = 4; lastKnownFileType = sourcecode.c.objc; path = "UIDevice-Hardware.m"; sourceTree = "<group>"; };
		36ADA2E520AEAAC0005E5F6E /* YYJSONHelper.h */ = {isa = PBXFileReference; fileEncoding = 4; lastKnownFileType = sourcecode.c.h; path = YYJSONHelper.h; sourceTree = "<group>"; };
		36ADA2E620AEAAC0005E5F6E /* YYJSONHelper.m */ = {isa = PBXFileReference; fileEncoding = 4; lastKnownFileType = sourcecode.c.objc; path = YYJSONHelper.m; sourceTree = "<group>"; };
		36ADA2EC20AEAB60005E5F6E /* DQColorMacros.h */ = {isa = PBXFileReference; lastKnownFileType = sourcecode.c.h; path = DQColorMacros.h; sourceTree = "<group>"; };
		36ADA2EE20AEAB8F005E5F6E /* NSString+DQ.h */ = {isa = PBXFileReference; fileEncoding = 4; lastKnownFileType = sourcecode.c.h; path = "NSString+DQ.h"; sourceTree = "<group>"; };
		36ADA2EF20AEAB8F005E5F6E /* NSString+DQ.m */ = {isa = PBXFileReference; fileEncoding = 4; lastKnownFileType = sourcecode.c.objc; path = "NSString+DQ.m"; sourceTree = "<group>"; };
		36C4987820AEACCE002AA358 /* LKBaseNavigationController.m */ = {isa = PBXFileReference; fileEncoding = 4; lastKnownFileType = sourcecode.c.objc; path = LKBaseNavigationController.m; sourceTree = "<group>"; };
		36C4987920AEACCE002AA358 /* LKBaseNavigationController.h */ = {isa = PBXFileReference; fileEncoding = 4; lastKnownFileType = sourcecode.c.h; path = LKBaseNavigationController.h; sourceTree = "<group>"; };
		36C4988620AEC219002AA358 /* UIImageView+LBBlurredImage.h */ = {isa = PBXFileReference; fileEncoding = 4; lastKnownFileType = sourcecode.c.h; path = "UIImageView+LBBlurredImage.h"; sourceTree = "<group>"; };
		36C4988720AEC219002AA358 /* UIImageView+LBBlurredImage.m */ = {isa = PBXFileReference; fileEncoding = 4; lastKnownFileType = sourcecode.c.objc; path = "UIImageView+LBBlurredImage.m"; sourceTree = "<group>"; };
		36C4988A20AEC237002AA358 /* example.png */ = {isa = PBXFileReference; lastKnownFileType = image.png; path = example.png; sourceTree = "<group>"; };
		36C498A620AEEC05002AA358 /* UITableViewCell+BMReusable.h */ = {isa = PBXFileReference; fileEncoding = 4; lastKnownFileType = sourcecode.c.h; path = "UITableViewCell+BMReusable.h"; sourceTree = "<group>"; };
		36C498A720AEEC05002AA358 /* UITableViewCell+BMReusable.m */ = {isa = PBXFileReference; fileEncoding = 4; lastKnownFileType = sourcecode.c.objc; path = "UITableViewCell+BMReusable.m"; sourceTree = "<group>"; };
		A3571533B355B3C052BE0894 /* Pods-SVGManager.debug.xcconfig */ = {isa = PBXFileReference; includeInIndex = 1; lastKnownFileType = text.xcconfig; name = "Pods-SVGManager.debug.xcconfig"; path = "Pods/Target Support Files/Pods-SVGManager/Pods-SVGManager.debug.xcconfig"; sourceTree = "<group>"; };
		CD8BB7128F84EF7661DB4C93 /* libPods-SVGManager.a */ = {isa = PBXFileReference; explicitFileType = archive.ar; includeInIndex = 0; path = "libPods-SVGManager.a"; sourceTree = BUILT_PRODUCTS_DIR; };
		DBCFFFBE20B017D200CF52EA /* ImageJokesViewController.h */ = {isa = PBXFileReference; fileEncoding = 4; lastKnownFileType = sourcecode.c.h; path = ImageJokesViewController.h; sourceTree = "<group>"; };
		DBCFFFBF20B017D200CF52EA /* ImageJokesViewController.m */ = {isa = PBXFileReference; fileEncoding = 4; lastKnownFileType = sourcecode.c.objc; path = ImageJokesViewController.m; sourceTree = "<group>"; };
		DBCFFFC720B01E5E00CF52EA /* ImageJokesCell.h */ = {isa = PBXFileReference; fileEncoding = 4; lastKnownFileType = sourcecode.c.h; path = ImageJokesCell.h; sourceTree = "<group>"; };
		DBCFFFC820B01E5E00CF52EA /* ImageJokesCell.m */ = {isa = PBXFileReference; fileEncoding = 4; lastKnownFileType = sourcecode.c.objc; path = ImageJokesCell.m; sourceTree = "<group>"; };
		FC2128F99CD7DADB6047ABDF /* Pods-SVGManager.release.xcconfig */ = {isa = PBXFileReference; includeInIndex = 1; lastKnownFileType = text.xcconfig; name = "Pods-SVGManager.release.xcconfig"; path = "Pods/Target Support Files/Pods-SVGManager/Pods-SVGManager.release.xcconfig"; sourceTree = "<group>"; };
/* End PBXFileReference section */

/* Begin PBXFrameworksBuildPhase section */
		36ADA23E20AD1F37005E5F6E /* Frameworks */ = {
			isa = PBXFrameworksBuildPhase;
			buildActionMask = 2147483647;
			files = (
				1758B358147549100D7737C7 /* libPods-SVGManager.a in Frameworks */,
			);
			runOnlyForDeploymentPostprocessing = 0;
		};
/* End PBXFrameworksBuildPhase section */

/* Begin PBXGroup section */
		36ADA23820AD1F37005E5F6E = {
			isa = PBXGroup;
			children = (
				36ADA26720AD4CE5005E5F6E /* Podfile */,
				36ADA24320AD1F37005E5F6E /* SVGManager */,
				36ADA24220AD1F37005E5F6E /* Products */,
				CD6CAF16CD571849ECA5E20B /* Pods */,
				C1B7828048DD287D0DC4C3FE /* Frameworks */,
			);
			sourceTree = "<group>";
		};
		36ADA24220AD1F37005E5F6E /* Products */ = {
			isa = PBXGroup;
			children = (
				36ADA24120AD1F37005E5F6E /* SVGManager.app */,
			);
			name = Products;
			sourceTree = "<group>";
		};
		36ADA24320AD1F37005E5F6E /* SVGManager */ = {
			isa = PBXGroup;
			children = (
				36C4988920AEC22F002AA358 /* resource */,
				36ADA26920AD730E005E5F6E /* Source */,
				36ADA26020AD38CB005E5F6E /* component */,
				36ADA24420AD1F37005E5F6E /* AppDelegate.h */,
				36ADA24520AD1F37005E5F6E /* AppDelegate.m */,
				36ADA24720AD1F37005E5F6E /* ViewController.h */,
				36ADA24820AD1F37005E5F6E /* ViewController.m */,
				36ADA24D20AD1F39005E5F6E /* Assets.xcassets */,
				36ADA24F20AD1F39005E5F6E /* LaunchScreen.storyboard */,
				36ADA25220AD1F39005E5F6E /* Info.plist */,
				36ADA25320AD1F39005E5F6E /* main.m */,
				36ADA26B20AD733E005E5F6E /* PrefixHeader.pch */,
			);
			path = SVGManager;
			sourceTree = "<group>";
		};
		36ADA26020AD38CB005E5F6E /* component */ = {
			isa = PBXGroup;
			children = (
				36ADA26320AD38F3005E5F6E /* HomeNavigatiaonTitleView.h */,
				36ADA26120AD38F3005E5F6E /* HomeNavigatiaonTitleView.m */,
				36ADA26420AD38F3005E5F6E /* HomeNavigationTitileViewButton.h */,
				36ADA26220AD38F3005E5F6E /* HomeNavigationTitileViewButton.m */,
			);
			name = component;
			sourceTree = "<group>";
		};
		36ADA26920AD730E005E5F6E /* Source */ = {
			isa = PBXGroup;
			children = (
				36C498A520AEEC05002AA358 /* BMReuseCell */,
				36C4989120AED58E002AA358 /* textJokes */,
				36C4988520AEC20C002AA358 /* BlurredImage */,
				36C4987720AEACBC002AA358 /* BaseNavigationController */,
				36ADA2ED20AEAB8F005E5F6E /* NSObject */,
				36ADA2EC20AEAB60005E5F6E /* DQColorMacros.h */,
				36ADA2DC20AEAAC0005E5F6E /* Utils */,
				36ADA2CD20AEAAA6005E5F6E /* Theme */,
				36ADA2A420AEAA22005E5F6E /* LK */,
				36ADA27820AD7911005E5F6E /* filemanager */,
				36ADA27C20AD7C41005E5F6E /* ITXPageViewController.h */,
				36ADA27D20AD7C41005E5F6E /* ITXPageViewController.m */,
				36ADA27F20AD7C62005E5F6E /* OneViewController.h */,
				36ADA28020AD7C62005E5F6E /* OneViewController.m */,
				36ADA28220AD7C6E005E5F6E /* TwoViewController.h */,
				36ADA28320AD7C6E005E5F6E /* TwoViewController.m */,
				36ADA28520AD7C79005E5F6E /* ThreeViewController.h */,
				36ADA28620AD7C79005E5F6E /* ThreeViewController.m */,
				DBCFFFBE20B017D200CF52EA /* ImageJokesViewController.h */,
				DBCFFFBF20B017D200CF52EA /* ImageJokesViewController.m */,
			);
			path = Source;
			sourceTree = "<group>";
		};
		36ADA27820AD7911005E5F6E /* filemanager */ = {
			isa = PBXGroup;
			children = (
				36ADA27920AD7911005E5F6E /* FileManager.h */,
				36ADA27A20AD7911005E5F6E /* FileManager.m */,
			);
			path = filemanager;
			sourceTree = "<group>";
		};
		36ADA29D20AEA830005E5F6E /* Cell */ = {
			isa = PBXGroup;
			children = (
				36ADA2A120AEA85A005E5F6E /* JokesModel.h */,
				36ADA2A220AEA85A005E5F6E /* JokesModel.m */,
				36ADA29E20AEA830005E5F6E /* TextJokesCell.h */,
				36ADA29F20AEA830005E5F6E /* TextJokesCell.m */,
				DBCFFFC720B01E5E00CF52EA /* ImageJokesCell.h */,
				DBCFFFC820B01E5E00CF52EA /* ImageJokesCell.m */,
			);
			path = Cell;
			sourceTree = "<group>";
		};
		36ADA2A420AEAA22005E5F6E /* LK */ = {
			isa = PBXGroup;
			children = (
				36ADA2A520AEAA22005E5F6E /* LKTools.h */,
				36ADA2A620AEAA22005E5F6E /* NSData+LK.h */,
				36ADA2A720AEAA22005E5F6E /* NSData+LK.m */,
				36ADA2A820AEAA22005E5F6E /* NSFileManager+LK.h */,
				36ADA2A920AEAA22005E5F6E /* NSFileManager+LK.m */,
				36ADA2AA20AEAA22005E5F6E /* NSObject+LK.h */,
				36ADA2AB20AEAA22005E5F6E /* NSObject+LK.m */,
				36ADA2AC20AEAA22005E5F6E /* NSString+LK.h */,
				36ADA2AD20AEAA22005E5F6E /* NSString+LK.m */,
				36ADA2AE20AEAA22005E5F6E /* NSURL+LK.h */,
				36ADA2AF20AEAA22005E5F6E /* NSURL+LK.m */,
				36ADA2B020AEAA22005E5F6E /* UIButton+LK.h */,
				36ADA2B120AEAA22005E5F6E /* UIButton+LK.m */,
				36ADA2B220AEAA22005E5F6E /* UIColor+LK.h */,
				36ADA2B320AEAA22005E5F6E /* UIColor+LK.m */,
				36ADA2B420AEAA22005E5F6E /* UIImage+LK.h */,
				36ADA2B520AEAA22005E5F6E /* UIImage+LK.m */,
				36ADA2B620AEAA22005E5F6E /* UIImageView+LK.h */,
				36ADA2B720AEAA22005E5F6E /* UIImageView+LK.m */,
				36ADA2B820AEAA22005E5F6E /* UIView+LK.h */,
				36ADA2B920AEAA22005E5F6E /* UIView+LK.m */,
				36ADA2BA20AEAA22005E5F6E /* UIView+Toast_LK.h */,
				36ADA2BB20AEAA22005E5F6E /* UIView+Toast_LK.m */,
				36ADA2BC20AEAA22005E5F6E /* UIViewController+LK.h */,
				36ADA2BD20AEAA22005E5F6E /* UIViewController+LK.m */,
				36ADA2BE20AEAA22005E5F6E /* UIWindow+LK.h */,
				36ADA2BF20AEAA22005E5F6E /* UIWindow+LK.m */,
			);
			path = LK;
			sourceTree = "<group>";
		};
		36ADA2CD20AEAAA6005E5F6E /* Theme */ = {
			isa = PBXGroup;
			children = (
				36ADA2CE20AEAAA6005E5F6E /* LKThemeInfo.json */,
				36ADA2CF20AEAAA6005E5F6E /* LKThemeManager.h */,
				36ADA2D020AEAAA6005E5F6E /* LKThemeManager.m */,
				36ADA2D120AEAAA6005E5F6E /* NSObject+LKTheme.h */,
				36ADA2D220AEAAA6005E5F6E /* NSObject+LKTheme.m */,
				36ADA2D320AEAAA6005E5F6E /* UIImage+LKTheme.h */,
				36ADA2D420AEAAA6005E5F6E /* UIImage+LKTheme.m */,
				36ADA2D520AEAAA6005E5F6E /* UIView+LKTheme.h */,
				36ADA2D620AEAAA6005E5F6E /* UIView+LKTheme.m */,
			);
			path = Theme;
			sourceTree = "<group>";
		};
		36ADA2DC20AEAAC0005E5F6E /* Utils */ = {
			isa = PBXGroup;
			children = (
				36ADA2DD20AEAAC0005E5F6E /* LKSafeCategory.h */,
				36ADA2DE20AEAAC0005E5F6E /* LKSafeCategory.m */,
				36ADA2DF20AEAAC0005E5F6E /* LKWeakArray.h */,
				36ADA2E020AEAAC0005E5F6E /* LKWeakArray.m */,
				36ADA2E120AEAAC0005E5F6E /* OpenUDID.h */,
				36ADA2E220AEAAC0005E5F6E /* OpenUDID.m */,
				36ADA2E320AEAAC0005E5F6E /* UIDevice-Hardware.h */,
				36ADA2E420AEAAC0005E5F6E /* UIDevice-Hardware.m */,
				36ADA2E520AEAAC0005E5F6E /* YYJSONHelper.h */,
				36ADA2E620AEAAC0005E5F6E /* YYJSONHelper.m */,
			);
			path = Utils;
			sourceTree = "<group>";
		};
		36ADA2ED20AEAB8F005E5F6E /* NSObject */ = {
			isa = PBXGroup;
			children = (
				36ADA2EE20AEAB8F005E5F6E /* NSString+DQ.h */,
				36ADA2EF20AEAB8F005E5F6E /* NSString+DQ.m */,
			);
			path = NSObject;
			sourceTree = "<group>";
		};
		36C4987720AEACBC002AA358 /* BaseNavigationController */ = {
			isa = PBXGroup;
			children = (
				36C4987920AEACCE002AA358 /* LKBaseNavigationController.h */,
				36C4987820AEACCE002AA358 /* LKBaseNavigationController.m */,
			);
			name = BaseNavigationController;
			sourceTree = "<group>";
		};
		36C4988520AEC20C002AA358 /* BlurredImage */ = {
			isa = PBXGroup;
			children = (
				36C4988620AEC219002AA358 /* UIImageView+LBBlurredImage.h */,
				36C4988720AEC219002AA358 /* UIImageView+LBBlurredImage.m */,
			);
			name = BlurredImage;
			sourceTree = "<group>";
		};
		36C4988920AEC22F002AA358 /* resource */ = {
			isa = PBXGroup;
			children = (
				36C4988A20AEC237002AA358 /* example.png */,
			);
			name = resource;
			sourceTree = "<group>";
		};
		36C4989120AED58E002AA358 /* textJokes */ = {
			isa = PBXGroup;
			children = (
				36ADA29D20AEA830005E5F6E /* Cell */,
			);
			name = textJokes;
			sourceTree = "<group>";
		};
		36C498A520AEEC05002AA358 /* BMReuseCell */ = {
			isa = PBXGroup;
			children = (
				36C498A620AEEC05002AA358 /* UITableViewCell+BMReusable.h */,
				36C498A720AEEC05002AA358 /* UITableViewCell+BMReusable.m */,
			);
			path = BMReuseCell;
			sourceTree = "<group>";
		};
		C1B7828048DD287D0DC4C3FE /* Frameworks */ = {
			isa = PBXGroup;
			children = (
				CD8BB7128F84EF7661DB4C93 /* libPods-SVGManager.a */,
			);
			name = Frameworks;
			sourceTree = "<group>";
		};
		CD6CAF16CD571849ECA5E20B /* Pods */ = {
			isa = PBXGroup;
			children = (
				A3571533B355B3C052BE0894 /* Pods-SVGManager.debug.xcconfig */,
				FC2128F99CD7DADB6047ABDF /* Pods-SVGManager.release.xcconfig */,
			);
			name = Pods;
			sourceTree = "<group>";
		};
/* End PBXGroup section */

/* Begin PBXNativeTarget section */
		36ADA24020AD1F37005E5F6E /* SVGManager */ = {
			isa = PBXNativeTarget;
			buildConfigurationList = 36ADA25720AD1F39005E5F6E /* Build configuration list for PBXNativeTarget "SVGManager" */;
			buildPhases = (
				6BB16DAAA4E72F46E2608EA3 /* [CP] Check Pods Manifest.lock */,
				36ADA23D20AD1F37005E5F6E /* Sources */,
				36ADA23E20AD1F37005E5F6E /* Frameworks */,
				36ADA23F20AD1F37005E5F6E /* Resources */,
				BF098125A4D4CD447906F5B3 /* [CP] Embed Pods Frameworks */,
				8665D31F43C6B34D914938F8 /* [CP] Copy Pods Resources */,
			);
			buildRules = (
			);
			dependencies = (
			);
			name = SVGManager;
			productName = SVGManager;
			productReference = 36ADA24120AD1F37005E5F6E /* SVGManager.app */;
			productType = "com.apple.product-type.application";
		};
/* End PBXNativeTarget section */

/* Begin PBXProject section */
		36ADA23920AD1F37005E5F6E /* Project object */ = {
			isa = PBXProject;
			attributes = {
				LastUpgradeCheck = 0930;
				ORGANIZATIONNAME = ITX;
				TargetAttributes = {
					36ADA24020AD1F37005E5F6E = {
						CreatedOnToolsVersion = 9.3;
						ProvisioningStyle = Manual;
					};
				};
			};
			buildConfigurationList = 36ADA23C20AD1F37005E5F6E /* Build configuration list for PBXProject "SVGManager" */;
			compatibilityVersion = "Xcode 8.0";
			developmentRegion = en;
			hasScannedForEncodings = 0;
			knownRegions = (
				en,
				Base,
			);
			mainGroup = 36ADA23820AD1F37005E5F6E;
			productRefGroup = 36ADA24220AD1F37005E5F6E /* Products */;
			projectDirPath = "";
			projectRoot = "";
			targets = (
				36ADA24020AD1F37005E5F6E /* SVGManager */,
			);
		};
/* End PBXProject section */

/* Begin PBXResourcesBuildPhase section */
		36ADA23F20AD1F37005E5F6E /* Resources */ = {
			isa = PBXResourcesBuildPhase;
			buildActionMask = 2147483647;
			files = (
				36ADA25120AD1F39005E5F6E /* LaunchScreen.storyboard in Resources */,
				36C4988B20AEC237002AA358 /* example.png in Resources */,
				36ADA24E20AD1F39005E5F6E /* Assets.xcassets in Resources */,
				36ADA2D720AEAAA6005E5F6E /* LKThemeInfo.json in Resources */,
				36ADA26820AD4CE5005E5F6E /* Podfile in Resources */,
			);
			runOnlyForDeploymentPostprocessing = 0;
		};
/* End PBXResourcesBuildPhase section */

/* Begin PBXShellScriptBuildPhase section */
		6BB16DAAA4E72F46E2608EA3 /* [CP] Check Pods Manifest.lock */ = {
			isa = PBXShellScriptBuildPhase;
			buildActionMask = 2147483647;
			files = (
			);
			inputPaths = (
				"${PODS_PODFILE_DIR_PATH}/Podfile.lock",
				"${PODS_ROOT}/Manifest.lock",
			);
			name = "[CP] Check Pods Manifest.lock";
			outputPaths = (
				"$(DERIVED_FILE_DIR)/Pods-SVGManager-checkManifestLockResult.txt",
			);
			runOnlyForDeploymentPostprocessing = 0;
			shellPath = /bin/sh;
			shellScript = "diff \"${PODS_ROOT}/../Podfile.lock\" \"${PODS_ROOT}/Manifest.lock\" > /dev/null\nif [ $? != 0 ] ; then\n    # print error to STDERR\n    echo \"error: The sandbox is not in sync with the Podfile.lock. Run 'pod install' or update your CocoaPods installation.\" >&2\n    exit 1\nfi\n";
			showEnvVarsInLog = 0;
		};
		8665D31F43C6B34D914938F8 /* [CP] Copy Pods Resources */ = {
			isa = PBXShellScriptBuildPhase;
			buildActionMask = 2147483647;
			files = (
			);
			inputPaths = (
				"${SRCROOT}/Pods/Target Support Files/Pods-SVGManager/Pods-SVGManager-resources.sh",
				"${PODS_ROOT}/IQKeyboardManager/IQKeyboardManager/Resources/IQKeyboardManager.bundle",
				"${PODS_ROOT}/MJRefresh/MJRefresh/MJRefresh.bundle",
			);
			name = "[CP] Copy Pods Resources";
			outputPaths = (
				"${TARGET_BUILD_DIR}/${UNLOCALIZED_RESOURCES_FOLDER_PATH}",
			);
			runOnlyForDeploymentPostprocessing = 0;
			shellPath = /bin/sh;
			shellScript = "\"${SRCROOT}/Pods/Target Support Files/Pods-SVGManager/Pods-SVGManager-resources.sh\"\n";
			showEnvVarsInLog = 0;
		};
		BF098125A4D4CD447906F5B3 /* [CP] Embed Pods Frameworks */ = {
			isa = PBXShellScriptBuildPhase;
			buildActionMask = 2147483647;
			files = (
			);
			inputPaths = (
			);
			name = "[CP] Embed Pods Frameworks";
			outputPaths = (
			);
			runOnlyForDeploymentPostprocessing = 0;
			shellPath = /bin/sh;
			shellScript = "\"${SRCROOT}/Pods/Target Support Files/Pods-SVGManager/Pods-SVGManager-frameworks.sh\"\n";
			showEnvVarsInLog = 0;
		};
/* End PBXShellScriptBuildPhase section */

/* Begin PBXSourcesBuildPhase section */
		36ADA23D20AD1F37005E5F6E /* Sources */ = {
			isa = PBXSourcesBuildPhase;
			buildActionMask = 2147483647;
			files = (
				36ADA26620AD38F3005E5F6E /* HomeNavigationTitileViewButton.m in Sources */,
				36ADA2C120AEAA22005E5F6E /* NSFileManager+LK.m in Sources */,
				36ADA2E820AEAAC0005E5F6E /* LKWeakArray.m in Sources */,
				36ADA2DA20AEAAA6005E5F6E /* UIImage+LKTheme.m in Sources */,
				36ADA2C720AEAA22005E5F6E /* UIImage+LK.m in Sources */,
				36ADA2C320AEAA22005E5F6E /* NSString+LK.m in Sources */,
				36ADA2D820AEAAA6005E5F6E /* LKThemeManager.m in Sources */,
				36ADA27E20AD7C41005E5F6E /* ITXPageViewController.m in Sources */,
				36ADA2CC20AEAA22005E5F6E /* UIWindow+LK.m in Sources */,
				36ADA2C820AEAA22005E5F6E /* UIImageView+LK.m in Sources */,
				36ADA2C020AEAA22005E5F6E /* NSData+LK.m in Sources */,
				36ADA2EB20AEAAC0005E5F6E /* YYJSONHelper.m in Sources */,
				36ADA26520AD38F3005E5F6E /* HomeNavigatiaonTitleView.m in Sources */,
				36ADA24920AD1F37005E5F6E /* ViewController.m in Sources */,
				36ADA25420AD1F39005E5F6E /* main.m in Sources */,
				36ADA2C420AEAA22005E5F6E /* NSURL+LK.m in Sources */,
				36ADA2C920AEAA22005E5F6E /* UIView+LK.m in Sources */,
				36ADA2EA20AEAAC0005E5F6E /* UIDevice-Hardware.m in Sources */,
				36ADA24620AD1F37005E5F6E /* AppDelegate.m in Sources */,
				DBCFFFC020B017D200CF52EA /* ImageJokesViewController.m in Sources */,
				36ADA2F020AEAB8F005E5F6E /* NSString+DQ.m in Sources */,
				36ADA2C520AEAA22005E5F6E /* UIButton+LK.m in Sources */,
				36ADA2CA20AEAA22005E5F6E /* UIView+Toast_LK.m in Sources */,
				36ADA2C620AEAA22005E5F6E /* UIColor+LK.m in Sources */,
				36ADA28420AD7C6E005E5F6E /* TwoViewController.m in Sources */,
				36ADA2D920AEAAA6005E5F6E /* NSObject+LKTheme.m in Sources */,
				36ADA27B20AD7911005E5F6E /* FileManager.m in Sources */,
				36ADA2DB20AEAAA6005E5F6E /* UIView+LKTheme.m in Sources */,
				36ADA28120AD7C62005E5F6E /* OneViewController.m in Sources */,
				36C498A820AEEC05002AA358 /* UITableViewCell+BMReusable.m in Sources */,
				36ADA28720AD7C79005E5F6E /* ThreeViewController.m in Sources */,
				36ADA2A020AEA830005E5F6E /* TextJokesCell.m in Sources */,
				36ADA2C220AEAA22005E5F6E /* NSObject+LK.m in Sources */,
				36ADA2A320AEA85A005E5F6E /* JokesModel.m in Sources */,
				36ADA2E920AEAAC0005E5F6E /* OpenUDID.m in Sources */,
				36C4987A20AEACCE002AA358 /* LKBaseNavigationController.m in Sources */,
				DBCFFFCA20B01E5E00CF52EA /* ImageJokesCell.m in Sources */,
				36C4988820AEC219002AA358 /* UIImageView+LBBlurredImage.m in Sources */,
				36ADA2CB20AEAA22005E5F6E /* UIViewController+LK.m in Sources */,
				36ADA2E720AEAAC0005E5F6E /* LKSafeCategory.m in Sources */,
			);
			runOnlyForDeploymentPostprocessing = 0;
		};
/* End PBXSourcesBuildPhase section */

/* Begin PBXVariantGroup section */
		36ADA24F20AD1F39005E5F6E /* LaunchScreen.storyboard */ = {
			isa = PBXVariantGroup;
			children = (
				36ADA25020AD1F39005E5F6E /* Base */,
			);
			name = LaunchScreen.storyboard;
			sourceTree = "<group>";
		};
/* End PBXVariantGroup section */

/* Begin XCBuildConfiguration section */
		36ADA25520AD1F39005E5F6E /* Debug */ = {
			isa = XCBuildConfiguration;
			buildSettings = {
				ALWAYS_SEARCH_USER_PATHS = NO;
				CLANG_ANALYZER_NONNULL = YES;
				CLANG_ANALYZER_NUMBER_OBJECT_CONVERSION = YES_AGGRESSIVE;
				CLANG_CXX_LANGUAGE_STANDARD = "gnu++14";
				CLANG_CXX_LIBRARY = "libc++";
				CLANG_ENABLE_MODULES = YES;
				CLANG_ENABLE_OBJC_ARC = YES;
				CLANG_ENABLE_OBJC_WEAK = YES;
				CLANG_WARN_BLOCK_CAPTURE_AUTORELEASING = YES;
				CLANG_WARN_BOOL_CONVERSION = YES;
				CLANG_WARN_COMMA = YES;
				CLANG_WARN_CONSTANT_CONVERSION = YES;
				CLANG_WARN_DEPRECATED_OBJC_IMPLEMENTATIONS = YES;
				CLANG_WARN_DIRECT_OBJC_ISA_USAGE = YES_ERROR;
				CLANG_WARN_DOCUMENTATION_COMMENTS = YES;
				CLANG_WARN_EMPTY_BODY = YES;
				CLANG_WARN_ENUM_CONVERSION = YES;
				CLANG_WARN_INFINITE_RECURSION = YES;
				CLANG_WARN_INT_CONVERSION = YES;
				CLANG_WARN_NON_LITERAL_NULL_CONVERSION = YES;
				CLANG_WARN_OBJC_IMPLICIT_RETAIN_SELF = YES;
				CLANG_WARN_OBJC_LITERAL_CONVERSION = YES;
				CLANG_WARN_OBJC_ROOT_CLASS = YES_ERROR;
				CLANG_WARN_RANGE_LOOP_ANALYSIS = YES;
				CLANG_WARN_STRICT_PROTOTYPES = YES;
				CLANG_WARN_SUSPICIOUS_MOVE = YES;
				CLANG_WARN_UNGUARDED_AVAILABILITY = YES_AGGRESSIVE;
				CLANG_WARN_UNREACHABLE_CODE = YES;
				CLANG_WARN__DUPLICATE_METHOD_MATCH = YES;
				CODE_SIGN_IDENTITY = "iPhone Developer";
				COPY_PHASE_STRIP = NO;
				DEBUG_INFORMATION_FORMAT = dwarf;
				ENABLE_STRICT_OBJC_MSGSEND = YES;
				ENABLE_TESTABILITY = YES;
				GCC_C_LANGUAGE_STANDARD = gnu11;
				GCC_DYNAMIC_NO_PIC = NO;
				GCC_NO_COMMON_BLOCKS = YES;
				GCC_OPTIMIZATION_LEVEL = 0;
				GCC_PREPROCESSOR_DEFINITIONS = (
					"DEBUG=1",
					"$(inherited)",
				);
				GCC_WARN_64_TO_32_BIT_CONVERSION = YES;
				GCC_WARN_ABOUT_RETURN_TYPE = YES_ERROR;
				GCC_WARN_UNDECLARED_SELECTOR = YES;
				GCC_WARN_UNINITIALIZED_AUTOS = YES_AGGRESSIVE;
				GCC_WARN_UNUSED_FUNCTION = YES;
				GCC_WARN_UNUSED_VARIABLE = YES;
				IPHONEOS_DEPLOYMENT_TARGET = 11.3;
				MTL_ENABLE_DEBUG_INFO = YES;
				ONLY_ACTIVE_ARCH = YES;
				SDKROOT = iphoneos;
			};
			name = Debug;
		};
		36ADA25620AD1F39005E5F6E /* Release */ = {
			isa = XCBuildConfiguration;
			buildSettings = {
				ALWAYS_SEARCH_USER_PATHS = NO;
				CLANG_ANALYZER_NONNULL = YES;
				CLANG_ANALYZER_NUMBER_OBJECT_CONVERSION = YES_AGGRESSIVE;
				CLANG_CXX_LANGUAGE_STANDARD = "gnu++14";
				CLANG_CXX_LIBRARY = "libc++";
				CLANG_ENABLE_MODULES = YES;
				CLANG_ENABLE_OBJC_ARC = YES;
				CLANG_ENABLE_OBJC_WEAK = YES;
				CLANG_WARN_BLOCK_CAPTURE_AUTORELEASING = YES;
				CLANG_WARN_BOOL_CONVERSION = YES;
				CLANG_WARN_COMMA = YES;
				CLANG_WARN_CONSTANT_CONVERSION = YES;
				CLANG_WARN_DEPRECATED_OBJC_IMPLEMENTATIONS = YES;
				CLANG_WARN_DIRECT_OBJC_ISA_USAGE = YES_ERROR;
				CLANG_WARN_DOCUMENTATION_COMMENTS = YES;
				CLANG_WARN_EMPTY_BODY = YES;
				CLANG_WARN_ENUM_CONVERSION = YES;
				CLANG_WARN_INFINITE_RECURSION = YES;
				CLANG_WARN_INT_CONVERSION = YES;
				CLANG_WARN_NON_LITERAL_NULL_CONVERSION = YES;
				CLANG_WARN_OBJC_IMPLICIT_RETAIN_SELF = YES;
				CLANG_WARN_OBJC_LITERAL_CONVERSION = YES;
				CLANG_WARN_OBJC_ROOT_CLASS = YES_ERROR;
				CLANG_WARN_RANGE_LOOP_ANALYSIS = YES;
				CLANG_WARN_STRICT_PROTOTYPES = YES;
				CLANG_WARN_SUSPICIOUS_MOVE = YES;
				CLANG_WARN_UNGUARDED_AVAILABILITY = YES_AGGRESSIVE;
				CLANG_WARN_UNREACHABLE_CODE = YES;
				CLANG_WARN__DUPLICATE_METHOD_MATCH = YES;
				CODE_SIGN_IDENTITY = "iPhone Developer";
				COPY_PHASE_STRIP = NO;
				DEBUG_INFORMATION_FORMAT = "dwarf-with-dsym";
				ENABLE_NS_ASSERTIONS = NO;
				ENABLE_STRICT_OBJC_MSGSEND = YES;
				GCC_C_LANGUAGE_STANDARD = gnu11;
				GCC_NO_COMMON_BLOCKS = YES;
				GCC_WARN_64_TO_32_BIT_CONVERSION = YES;
				GCC_WARN_ABOUT_RETURN_TYPE = YES_ERROR;
				GCC_WARN_UNDECLARED_SELECTOR = YES;
				GCC_WARN_UNINITIALIZED_AUTOS = YES_AGGRESSIVE;
				GCC_WARN_UNUSED_FUNCTION = YES;
				GCC_WARN_UNUSED_VARIABLE = YES;
				IPHONEOS_DEPLOYMENT_TARGET = 11.3;
				MTL_ENABLE_DEBUG_INFO = NO;
				SDKROOT = iphoneos;
				VALIDATE_PRODUCT = YES;
			};
			name = Release;
		};
		36ADA25820AD1F39005E5F6E /* Debug */ = {
			isa = XCBuildConfiguration;
			baseConfigurationReference = A3571533B355B3C052BE0894 /* Pods-SVGManager.debug.xcconfig */;
			buildSettings = {
				ASSETCATALOG_COMPILER_APPICON_NAME = AppIcon;
				CODE_SIGN_IDENTITY = "iPhone Developer: Li Chao (BTTHBUB23E)";
				CODE_SIGN_STYLE = Manual;
				DEVELOPMENT_TEAM = "";
				GCC_PREFIX_HEADER = SVGManager/PrefixHeader.pch;
				INFOPLIST_FILE = SVGManager/Info.plist;
				IPHONEOS_DEPLOYMENT_TARGET = 8.0;
				LD_RUNPATH_SEARCH_PATHS = "$(inherited) @executable_path/Frameworks";
				PRODUCT_BUNDLE_IDENTIFIER = cn.com.bluemoon.sfa;
				PRODUCT_NAME = "$(TARGET_NAME)";
				PROVISIONING_PROFILE_SPECIFIER = dev_cn.com.bluemoon.sfa_20181227;
				TARGETED_DEVICE_FAMILY = "1,2";
			};
			name = Debug;
		};
		36ADA25920AD1F39005E5F6E /* Release */ = {
			isa = XCBuildConfiguration;
			baseConfigurationReference = FC2128F99CD7DADB6047ABDF /* Pods-SVGManager.release.xcconfig */;
			buildSettings = {
				ASSETCATALOG_COMPILER_APPICON_NAME = AppIcon;
				CODE_SIGN_IDENTITY = "iPhone Developer: Li Chao (BTTHBUB23E)";
				CODE_SIGN_STYLE = Manual;
				DEVELOPMENT_TEAM = "";
				GCC_PREFIX_HEADER = SVGManager/PrefixHeader.pch;
				INFOPLIST_FILE = SVGManager/Info.plist;
				IPHONEOS_DEPLOYMENT_TARGET = 8.0;
				LD_RUNPATH_SEARCH_PATHS = "$(inherited) @executable_path/Frameworks";
				PRODUCT_BUNDLE_IDENTIFIER = cn.com.bluemoon.sfa;
				PRODUCT_NAME = "$(TARGET_NAME)";
				PROVISIONING_PROFILE_SPECIFIER = dev_cn.com.bluemoon.sfa_20181227;
				TARGETED_DEVICE_FAMILY = "1,2";
			};
			name = Release;
		};
/* End XCBuildConfiguration section */

/* Begin XCConfigurationList section */
		36ADA23C20AD1F37005E5F6E /* Build configuration list for PBXProject "SVGManager" */ = {
			isa = XCConfigurationList;
			buildConfigurations = (
				36ADA25520AD1F39005E5F6E /* Debug */,
				36ADA25620AD1F39005E5F6E /* Release */,
			);
			defaultConfigurationIsVisible = 0;
			defaultConfigurationName = Release;
		};
		36ADA25720AD1F39005E5F6E /* Build configuration list for PBXNativeTarget "SVGManager" */ = {
			isa = XCConfigurationList;
			buildConfigurations = (
				36ADA25820AD1F39005E5F6E /* Debug */,
				36ADA25920AD1F39005E5F6E /* Release */,
			);
			defaultConfigurationIsVisible = 0;
			defaultConfigurationName = Release;
		};
/* End XCConfigurationList section */
	};
	rootObject = 36ADA23920AD1F37005E5F6E /* Project object */;
}
